<?xml version="1.0" encoding="utf-8"?>
<Project ToolsVersion="4.0" xmlns="http://schemas.microsoft.com/developer/msbuild/2003">
  <ItemGroup>
    <Filter Include="Source Files">
      <UniqueIdentifier>{46c19a52-6ba1-410e-ae54-15339b92e6d6}</UniqueIdentifier>
      <Extensions>cpp;c;cxx;rc;def;r;odl;idl;hpj;bat</Extensions>
    </Filter>
    <Filter Include="Header Files">
      <UniqueIdentifier>{c34d694b-2468-4f83-9fe7-1d9bf19b3a4e}</UniqueIdentifier>
      <Extensions>h;hpp;hxx;hm;inl</Extensions>
    </Filter>
    <Filter Include="Resource Files">
      <UniqueIdentifier>{610c076c-54a1-456e-ac20-5620c67cd698}</UniqueIdentifier>
      <Extensions>ico;cur;bmp;dlg;rc2;rct;bin;rgs;gif;jpg;jpeg;jpe</Extensions>
    </Filter>
  </ItemGroup>
  <ItemGroup>
    <ClCompile Include="Advanced.cpp">
      <Filter>Source Files</Filter>
    </ClCompile>
    <ClCompile Include="BMPButton.cpp">
      <Filter>Source Files</Filter>
    </ClCompile>
    <ClCompile Include="CreditsDebits.cpp">
      <Filter>Source Files</Filter>
    </ClCompile>
    <ClCompile Include="FinanceDB.cpp">
      <Filter>Source Files</Filter>
    </ClCompile>
    <ClCompile Include="FinanceService.cpp">
      <Filter>Source Files</Filter>
    </ClCompile>
    <ClCompile Include="General.cpp">
      <Filter>Source Files</Filter>
    </ClCompile>
    <ClCompile Include="MainDlg.cpp">
      <Filter>Source Files</Filter>
    </ClCompile>
    <ClCompile Include="NotifyWnd.cpp">
      <Filter>Source Files</Filter>
    </ClCompile>
    <ClCompile Include="PropertiesDlg.cpp">
      <Filter>Source Files</Filter>
    </ClCompile>
    <ClCompile Include="PropertySheet.cpp">
      <Filter>Source Files</Filter>
    </ClCompile>
    <ClCompile Include="ReadOnlyEdit.cpp">
      <Filter>Source Files</Filter>
    </ClCompile>
    <ClCompile Include="SettingsManager.cpp">
      <Filter>Source Files</Filter>
    </ClCompile>
    <ClCompile Include="stdafx.cpp">
      <Filter>Source Files</Filter>
    </ClCompile>
    <ClCompile Include="TimeCore.cpp">
      <Filter>Source Files</Filter>
    </ClCompile>
  </ItemGroup>
  <ItemGroup>
    <ResourceCompile Include="FinanceService.rc">
      <Filter>Source Files</Filter>
    </ResourceCompile>
  </ItemGroup>
  <ItemGroup>
    <ClInclude Include="Advanced.h">
      <Filter>Header Files</Filter>
    </ClInclude>
    <ClInclude Include="BMPButton.h">
      <Filter>Header Files</Filter>
    </ClInclude>
    <ClInclude Include="Constants.h">
      <Filter>Header Files</Filter>
    </ClInclude>
    <ClInclude Include="CreditsDebits.h">
      <Filter>Header Files</Filter>
    </ClInclude>
    <ClInclude Include="FinanceDB.h">
      <Filter>Header Files</Filter>
    </ClInclude>
    <ClInclude Include="General.h">
      <Filter>Header Files</Filter>
    </ClInclude>
    <ClInclude Include="MainDlg.h">
      <Filter>Header Files</Filter>
    </ClInclude>
    <ClInclude Include="NotifyWnd.h">
      <Filter>Header Files</Filter>
    </ClInclude>
    <ClInclude Include="PropertiesDlg.h">
      <Filter>Header Files</Filter>
    </ClInclude>
    <ClInclude Include="PropertySheet.h">
      <Filter>Header Files</Filter>
    </ClInclude>
    <ClInclude Include="ReadOnlyEdit.h">
      <Filter>Header Files</Filter>
    </ClInclude>
    <ClInclude Include="resource.h">
      <Filter>Header Files</Filter>
    </ClInclude>
    <ClInclude Include="SettingsManager.h">
      <Filter>Header Files</Filter>
    </ClInclude>
    <ClInclude Include="stdafx.h">
      <Filter>Header Files</Filter>
    </ClInclude>
    <ClInclude Include="TimeCore.h">
      <Filter>Header Files</Filter>
    </ClInclude>
  </ItemGroup>
  <ItemGroup>
    <Image Include="res\cross.bmp">
      <Filter>Resource Files</Filter>
    </Image>
    <Image Include="res\cross1.bmp">
      <Filter>Resource Files</Filter>
    </Image>
    <Image Include="res\cross2.bmp">
      <Filter>Resource Files</Filter>
    </Image>
    <Image Include="res\yellow.ico">
      <Filter>Resource Files</Filter>
    </Image>
  </ItemGroup>
  <ItemGroup>
    <None Include="Library\WTLLibrary.rar" />
  </ItemGroup>
</Project>