<?xml version="1.0" encoding="utf-8"?>
<Project ToolsVersion="4.0" xmlns="http://schemas.microsoft.com/developer/msbuild/2003">
  <ItemGroup>
    <Filter Include="Source Files">
      <UniqueIdentifier>{f39513b7-b7e5-4f18-9000-32895a5869b7}</UniqueIdentifier>
      <Extensions>cpp;c;cxx;rc;def;r;odl;idl;hpj;bat</Extensions>
    </Filter>
    <Filter Include="Header Files">
      <UniqueIdentifier>{f29fea15-df01-49fc-a546-d4839d502989}</UniqueIdentifier>
      <Extensions>h;hpp;hxx;hm;inl</Extensions>
    </Filter>
    <Filter Include="Resource Files">
      <UniqueIdentifier>{824f6571-e793-4713-ab42-364acea402af}</UniqueIdentifier>
      <Extensions>ico;cur;bmp;dlg;rc2;rct;bin;rgs;gif;jpg;jpeg;jpe</Extensions>
    </Filter>
  </ItemGroup>
  <ItemGroup>
    <ClCompile Include="Advanced.cpp">
      <Filter>Source Files</Filter>
    </ClCompile>
    <ClCompile Include="BMPButton.cpp">
      <Filter>Source Files</Filter>
    </ClCompile>
    <ClCompile Include="calendar.cpp">
      <Filter>Source Files</Filter>
    </ClCompile>
    <ClCompile Include="Finance.cpp">
      <Filter>Source Files</Filter>
    </ClCompile>
    <ClCompile Include="FinanceDB.cpp">
      <Filter>Source Files</Filter>
    </ClCompile>
    <ClCompile Include="FinanceDlg.cpp">
      <Filter>Source Files</Filter>
    </ClCompile>
    <ClCompile Include="font.cpp">
      <Filter>Source Files</Filter>
    </ClCompile>
    <ClCompile Include="General.cpp">
      <Filter>Source Files</Filter>
    </ClCompile>
    <ClCompile Include="NotifyWnd.cpp">
      <Filter>Source Files</Filter>
    </ClCompile>
    <ClCompile Include="PropertiesDlg.cpp">
      <Filter>Source Files</Filter>
    </ClCompile>
    <ClCompile Include="ReadOnlyEdit.cpp">
      <Filter>Source Files</Filter>
    </ClCompile>
    <ClCompile Include="SettingsManager.cpp">
      <Filter>Source Files</Filter>
    </ClCompile>
    <ClCompile Include="StdAfx.cpp">
      <Filter>Source Files</Filter>
    </ClCompile>
  </ItemGroup>
  <ItemGroup>
    <ResourceCompile Include="FinanceService.rc">
      <Filter>Source Files</Filter>
    </ResourceCompile>
  </ItemGroup>
  <ItemGroup>
    <ClInclude Include="Advanced.h">
      <Filter>Header Files</Filter>
    </ClInclude>
    <ClInclude Include="BMPButton.h">
      <Filter>Header Files</Filter>
    </ClInclude>
    <ClInclude Include="calendar.h">
      <Filter>Header Files</Filter>
    </ClInclude>
    <ClInclude Include="Constants.h">
      <Filter>Header Files</Filter>
    </ClInclude>
    <ClInclude Include="Finance.h">
      <Filter>Header Files</Filter>
    </ClInclude>
    <ClInclude Include="FinanceDB.h">
      <Filter>Header Files</Filter>
    </ClInclude>
    <ClInclude Include="FinanceDlg.h">
      <Filter>Header Files</Filter>
    </ClInclude>
    <ClInclude Include="font.h">
      <Filter>Header Files</Filter>
    </ClInclude>
    <ClInclude Include="General.h">
      <Filter>Header Files</Filter>
    </ClInclude>
    <ClInclude Include="NotifyWnd.h">
      <Filter>Header Files</Filter>
    </ClInclude>
    <ClInclude Include="PropertiesDlg.h">
      <Filter>Header Files</Filter>
    </ClInclude>
    <ClInclude Include="ReadOnlyEdit.h">
      <Filter>Header Files</Filter>
    </ClInclude>
    <ClInclude Include="Resource.h">
      <Filter>Header Files</Filter>
    </ClInclude>
    <ClInclude Include="SettingsManager.h">
      <Filter>Header Files</Filter>
    </ClInclude>
    <ClInclude Include="StdAfx.h">
      <Filter>Header Files</Filter>
    </ClInclude>
  </ItemGroup>
  <ItemGroup>
    <Image Include="res\32.ico">
      <Filter>Resource Files</Filter>
    </Image>
    <Image Include="res\cross.bmp">
      <Filter>Resource Files</Filter>
    </Image>
    <Image Include="res\cross1.bmp">
      <Filter>Resource Files</Filter>
    </Image>
    <Image Include="res\cross2.bmp">
      <Filter>Resource Files</Filter>
    </Image>
    <Image Include="res\hai.ico">
      <Filter>Resource Files</Filter>
    </Image>
    <Image Include="res\ico00001.ico">
      <Filter>Resource Files</Filter>
    </Image>
    <Image Include="res\icon2.ico">
      <Filter>Resource Files</Filter>
    </Image>
    <Image Include="res\NoifyRed.ico">
      <Filter>Resource Files</Filter>
    </Image>
    <Image Include="res\NotifyYellow.ico">
      <Filter>Resource Files</Filter>
    </Image>
    <Image Include="res\Warning.bmp">
      <Filter>Resource Files</Filter>
    </Image>
  </ItemGroup>
  <ItemGroup>
    <CustomBuild Include="res\FinanceService.rc2">
      <Filter>Resource Files</Filter>
    </CustomBuild>
  </ItemGroup>
</Project>