<?xml version="1.0" encoding="utf-8"?>
<Project ToolsVersion="4.0" xmlns="http://schemas.microsoft.com/developer/msbuild/2003">
  <ItemGroup>
    <Filter Include="Source Files">
      <UniqueIdentifier>{9dabf095-39fd-4e09-bf67-317cadee7abc}</UniqueIdentifier>
      <Extensions>cpp;c;cxx;rc;def;r;odl;idl;hpj;bat</Extensions>
    </Filter>
    <Filter Include="Header Files">
      <UniqueIdentifier>{0206e4f4-16f0-49dc-a2e6-afbe23393cff}</UniqueIdentifier>
      <Extensions>h;hpp;hxx;hm;inl</Extensions>
    </Filter>
    <Filter Include="Resource Files">
      <UniqueIdentifier>{9d548b29-86e3-4397-b6be-ae859bf17adb}</UniqueIdentifier>
      <Extensions>ico;cur;bmp;dlg;rc2;rct;bin;rgs;gif;jpg;jpeg;jpe</Extensions>
    </Filter>
  </ItemGroup>
  <ItemGroup>
    <ClCompile Include="Advanced.cpp">
      <Filter>Source Files</Filter>
    </ClCompile>
    <ClCompile Include="BMPButton.cpp">
      <Filter>Source Files</Filter>
    </ClCompile>
    <ClCompile Include="calendar.cpp">
      <Filter>Source Files</Filter>
    </ClCompile>
    <ClCompile Include="CreditsDebits.cpp">
      <Filter>Source Files</Filter>
    </ClCompile>
    <ClCompile Include="creditsdebitscontrol.cpp">
      <Filter>Source Files</Filter>
    </ClCompile>
    <ClCompile Include="Finance.cpp">
      <Filter>Source Files</Filter>
    </ClCompile>
    <ClCompile Include="FinanceDB.cpp">
      <Filter>Source Files</Filter>
    </ClCompile>
    <ClCompile Include="FinanceDlg.cpp">
      <Filter>Source Files</Filter>
    </ClCompile>
    <ClCompile Include="font.cpp">
      <Filter>Source Files</Filter>
    </ClCompile>
    <ClCompile Include="General.cpp">
      <Filter>Source Files</Filter>
    </ClCompile>
    <ClCompile Include="NotifyWnd.cpp">
      <Filter>Source Files</Filter>
    </ClCompile>
    <ClCompile Include="PropertiesDlg.cpp">
      <Filter>Source Files</Filter>
    </ClCompile>
    <ClCompile Include="ReadOnlyEdit.cpp">
      <Filter>Source Files</Filter>
    </ClCompile>
    <ClCompile Include="SettingsManager.cpp">
      <Filter>Source Files</Filter>
    </ClCompile>
    <ClCompile Include="StdAfx.cpp">
      <Filter>Source Files</Filter>
    </ClCompile>
  </ItemGroup>
  <ItemGroup>
    <ResourceCompile Include="FinanceService.rc">
      <Filter>Source Files</Filter>
    </ResourceCompile>
  </ItemGroup>
  <ItemGroup>
    <ClInclude Include="Advanced.h">
      <Filter>Header Files</Filter>
    </ClInclude>
    <ClInclude Include="BMPButton.h">
      <Filter>Header Files</Filter>
    </ClInclude>
    <ClInclude Include="calendar.h">
      <Filter>Header Files</Filter>
    </ClInclude>
    <ClInclude Include="Constants.h">
      <Filter>Header Files</Filter>
    </ClInclude>
    <ClInclude Include="CreditsDebits.h">
      <Filter>Header Files</Filter>
    </ClInclude>
    <ClInclude Include="creditsdebitscontrol.h">
      <Filter>Header Files</Filter>
    </ClInclude>
    <ClInclude Include="Finance.h">
      <Filter>Header Files</Filter>
    </ClInclude>
    <ClInclude Include="FinanceDB.h">
      <Filter>Header Files</Filter>
    </ClInclude>
    <ClInclude Include="FinanceDlg.h">
      <Filter>Header Files</Filter>
    </ClInclude>
    <ClInclude Include="font.h">
      <Filter>Header Files</Filter>
    </ClInclude>
    <ClInclude Include="General.h">
      <Filter>Header Files</Filter>
    </ClInclude>
    <ClInclude Include="NotifyWnd.h">
      <Filter>Header Files</Filter>
    </ClInclude>
    <ClInclude Include="PropertiesDlg.h">
      <Filter>Header Files</Filter>
    </ClInclude>
    <ClInclude Include="ReadOnlyEdit.h">
      <Filter>Header Files</Filter>
    </ClInclude>
    <ClInclude Include="Resource.h">
      <Filter>Header Files</Filter>
    </ClInclude>
    <ClInclude Include="SettingsManager.h">
      <Filter>Header Files</Filter>
    </ClInclude>
    <ClInclude Include="StdAfx.h">
      <Filter>Header Files</Filter>
    </ClInclude>
  </ItemGroup>
  <ItemGroup>
    <Image Include="res\32.ico">
      <Filter>Resource Files</Filter>
    </Image>
    <Image Include="res\appicon.ico">
      <Filter>Resource Files</Filter>
    </Image>
    <Image Include="res\cross.bmp">
      <Filter>Resource Files</Filter>
    </Image>
    <Image Include="res\cross1.bmp">
      <Filter>Resource Files</Filter>
    </Image>
    <Image Include="res\cross2.bmp">
      <Filter>Resource Files</Filter>
    </Image>
    <Image Include="res\hai.ico">
      <Filter>Resource Files</Filter>
    </Image>
    <Image Include="res\ico00001.ico">
      <Filter>Resource Files</Filter>
    </Image>
    <Image Include="res\icon2.ico">
      <Filter>Resource Files</Filter>
    </Image>
    <Image Include="res\NoifyRed.ico">
      <Filter>Resource Files</Filter>
    </Image>
    <Image Include="res\NotifyYellow.ico">
      <Filter>Resource Files</Filter>
    </Image>
    <Image Include="res\Warning.bmp">
      <Filter>Resource Files</Filter>
    </Image>
  </ItemGroup>
  <ItemGroup>
    <CustomBuild Include="res\FinanceService.rc2">
      <Filter>Resource Files</Filter>
    </CustomBuild>
  </ItemGroup>
</Project>